
Microsoft Visual Studio Solution File, Format Version 12.00
# Visual Studio 14
VisualStudioVersion = 14.0.25420.1
MinimumVisualStudioVersion = 10.0.40219.1
Project("{FAE04EC0-301F-11D3-BF4B-00C04F79EFBC}") = "Net.Chdk.Detectors.Camera.Core", "Net.Chdk.Detectors.Camera.Core.csproj", "{8F4788BC-A82F-4E50-A9AF-E25F4AC183A1}"
EndProject
Project("{FAE04EC0-301F-11D3-BF4B-00C04F79EFBC}") = "Net.Chdk.Model.Camera", "..\..\..\Net.Chdk.Model.Camera\src\Net.Chdk.Model.Camera\Net.Chdk.Model.Camera.csproj", "{66B0906B-FF63-4CFC-8EA7-A472333AECB1}"
EndProject
Global
	GlobalSection(SolutionConfigurationPlatforms) = preSolution
		Debug|Any CPU = Debug|Any CPU
		Release|Any CPU = Release|Any CPU
	EndGlobalSection
	GlobalSection(ProjectConfigurationPlatforms) = postSolution
		{8F4788BC-A82F-4E50-A9AF-E25F4AC183A1}.Debug|Any CPU.ActiveCfg = Debug|Any CPU
		{8F4788BC-A82F-4E50-A9AF-E25F4AC183A1}.Debug|Any CPU.Build.0 = Debug|Any CPU
		{8F4788BC-A82F-4E50-A9AF-E25F4AC183A1}.Release|Any CPU.ActiveCfg = Release|Any CPU
		{8F4788BC-A82F-4E50-A9AF-E25F4AC183A1}.Release|Any CPU.Build.0 = Release|Any CPU
		{66B0906B-FF63-4CFC-8EA7-A472333AECB1}.Debug|Any CPU.ActiveCfg = Debug|Any CPU
		{66B0906B-FF63-4CFC-8EA7-A472333AECB1}.Debug|Any CPU.Build.0 = Debug|Any CPU
		{66B0906B-FF63-4CFC-8EA7-A472333AECB1}.Release|Any CPU.ActiveCfg = Release|Any CPU
		{66B0906B-FF63-4CFC-8EA7-A472333AECB1}.Release|Any CPU.Build.0 = Release|Any CPU
	EndGlobalSection
	GlobalSection(SolutionProperties) = preSolution
		HideSolutionNode = FALSE
	EndGlobalSection
EndGlobal
